Microsoft Visual Studio Solution File, Format Version 12.00
# Visual Studio Version 17
VisualStudioVersion = 17.5.2.0
MinimumVisualStudioVersion = 10.0.40219.1
Project("{FAE04EC0-301F-11D3-BF4B-00C04F79EFBC}") = "BuildingMaterialsAuditAgent", "BuildingMaterialsAuditAgent.csproj", "{5EB3E2EE-FC4A-CCFA-4C81-AF5B40ACFD62}"
EndProject
Global
	GlobalSection(SolutionConfigurationPlatforms) = preSolution
		Debug|Any CPU = Debug|Any CPU
		Release|Any CPU = Release|Any CPU
	EndGlobalSection
	GlobalSection(ProjectConfigurationPlatforms) = postSolution
		{5EB3E2EE-FC4A-CCFA-4C81-AF5B40ACFD62}.Debug|Any CPU.ActiveCfg = Debug|Any CPU
		{5EB3E2EE-FC4A-CCFA-4C81-AF5B40ACFD62}.Debug|Any CPU.Build.0 = Debug|Any CPU
		{5EB3E2EE-FC4A-CCFA-4C81-AF5B40ACFD62}.Release|Any CPU.ActiveCfg = Release|Any CPU
		{5EB3E2EE-FC4A-CCFA-4C81-AF5B40ACFD62}.Release|Any CPU.Build.0 = Release|Any CPU
	EndGlobalSection
	GlobalSection(SolutionProperties) = preSolution
		HideSolutionNode = FALSE
	EndGlobalSection
	GlobalSection(ExtensibilityGlobals) = postSolution
		SolutionGuid = {0479B188-B633-47A8-B17F-647B0A528718}
	EndGlobalSection
EndGlobal
